
Microsoft Visual Studio Solution File, Format Version 12.00
# Visual Studio Version 17
VisualStudioVersion = 17.14.36616.10
MinimumVisualStudioVersion = 10.0.40219.1
Project("{FAE04EC0-301F-11D3-BF4B-00C04F79EFBC}") = "Agency.Domain", "Agency.Domain\Agency.Domain.csproj", "{4D9D2410-8028-4C70-B261-29992356D91C}"
EndProject
Project("{FAE04EC0-301F-11D3-BF4B-00C04F79EFBC}") = "Agency.Tests", "Agency.Tests\Agency.Tests.csproj", "{F461EB8F-D9AE-4CE0-B5C4-60DC139B5CF9}"
EndProject
Project("{FAE04EC0-301F-11D3-BF4B-00C04F79EFBC}") = "Agency.Application.Contracts", "Agency.Application.Contracts\Agency.Application.Contracts.csproj", "{A1B2C3D4-E5F6-7890-ABCD-EF1234567801}"
EndProject
Project("{FAE04EC0-301F-11D3-BF4B-00C04F79EFBC}") = "Agency.Application", "Agency.Application\Agency.Application.csproj", "{A1B2C3D4-E5F6-7890-ABCD-EF1234567802}"
EndProject
Project("{FAE04EC0-301F-11D3-BF4B-00C04F79EFBC}") = "Agency.Infrastructure.EfCore", "Agency.Infrastructure.EfCore\Agency.Infrastructure.EfCore.csproj", "{A1B2C3D4-E5F6-7890-ABCD-EF1234567803}"
EndProject
Project("{FAE04EC0-301F-11D3-BF4B-00C04F79EFBC}") = "Agency.Api.Host", "Agency.Api.Host\Agency.Api.Host.csproj", "{A1B2C3D4-E5F6-7890-ABCD-EF1234567804}"
EndProject
Project("{FAE04EC0-301F-11D3-BF4B-00C04F79EFBC}") = "Agency.ServiceDefaults", "Agency.ServiceDefaults\Agency.ServiceDefaults.csproj", "{A1B2C3D4-E5F6-7890-ABCD-EF1234567805}"
EndProject
Project("{FAE04EC0-301F-11D3-BF4B-00C04F79EFBC}") = "Agency.AppHost", "Agency.AppHost\Agency.AppHost.csproj", "{A1B2C3D4-E5F6-7890-ABCD-EF1234567806}"
EndProject
Project("{FAE04EC0-301F-11D3-BF4B-00C04F79EFBC}") = "Agency.Generator.Grpc.Host", "Agency.Generator.Grpc.Host\Agency.Generator.Grpc.Host.csproj", "{A0B6687C-6065-439C-BFDE-35B7FB3B8938}"
EndProject
Global
	GlobalSection(SolutionConfigurationPlatforms) = preSolution
		Debug|Any CPU = Debug|Any CPU
		Debug|x64 = Debug|x64
		Debug|x86 = Debug|x86
		Release|Any CPU = Release|Any CPU
		Release|x64 = Release|x64
		Release|x86 = Release|x86
	EndGlobalSection
	GlobalSection(ProjectConfigurationPlatforms) = postSolution
		{4D9D2410-8028-4C70-B261-29992356D91C}.Debug|Any CPU.ActiveCfg = Debug|Any CPU
		{4D9D2410-8028-4C70-B261-29992356D91C}.Debug|Any CPU.Build.0 = Debug|Any CPU
		{4D9D2410-8028-4C70-B261-29992356D91C}.Debug|x64.ActiveCfg = Debug|Any CPU
		{4D9D2410-8028-4C70-B261-29992356D91C}.Debug|x64.Build.0 = Debug|Any CPU
		{4D9D2410-8028-4C70-B261-29992356D91C}.Debug|x86.ActiveCfg = Debug|Any CPU
		{4D9D2410-8028-4C70-B261-29992356D91C}.Debug|x86.Build.0 = Debug|Any CPU
		{4D9D2410-8028-4C70-B261-29992356D91C}.Release|Any CPU.ActiveCfg = Release|Any CPU
		{4D9D2410-8028-4C70-B261-29992356D91C}.Release|Any CPU.Build.0 = Release|Any CPU
		{4D9D2410-8028-4C70-B261-29992356D91C}.Release|x64.ActiveCfg = Release|Any CPU
		{4D9D2410-8028-4C70-B261-29992356D91C}.Release|x64.Build.0 = Release|Any CPU
		{4D9D2410-8028-4C70-B261-29992356D91C}.Release|x86.ActiveCfg = Release|Any CPU
		{4D9D2410-8028-4C70-B261-29992356D91C}.Release|x86.Build.0 = Release|Any CPU
		{F461EB8F-D9AE-4CE0-B5C4-60DC139B5CF9}.Debug|Any CPU.ActiveCfg = Debug|Any CPU
		{F461EB8F-D9AE-4CE0-B5C4-60DC139B5CF9}.Debug|Any CPU.Build.0 = Debug|Any CPU
		{F461EB8F-D9AE-4CE0-B5C4-60DC139B5CF9}.Debug|x64.ActiveCfg = Debug|Any CPU
		{F461EB8F-D9AE-4CE0-B5C4-60DC139B5CF9}.Debug|x64.Build.0 = Debug|Any CPU
		{F461EB8F-D9AE-4CE0-B5C4-60DC139B5CF9}.Debug|x86.ActiveCfg = Debug|Any CPU
		{F461EB8F-D9AE-4CE0-B5C4-60DC139B5CF9}.Debug|x86.Build.0 = Debug|Any CPU
		{F461EB8F-D9AE-4CE0-B5C4-60DC139B5CF9}.Release|Any CPU.ActiveCfg = Release|Any CPU
		{F461EB8F-D9AE-4CE0-B5C4-60DC139B5CF9}.Release|Any CPU.Build.0 = Release|Any CPU
		{F461EB8F-D9AE-4CE0-B5C4-60DC139B5CF9}.Release|x64.ActiveCfg = Release|Any CPU
		{F461EB8F-D9AE-4CE0-B5C4-60DC139B5CF9}.Release|x64.Build.0 = Release|Any CPU
		{F461EB8F-D9AE-4CE0-B5C4-60DC139B5CF9}.Release|x86.ActiveCfg = Release|Any CPU
		{F461EB8F-D9AE-4CE0-B5C4-60DC139B5CF9}.Release|x86.Build.0 = Release|Any CPU
		{A1B2C3D4-E5F6-7890-ABCD-EF1234567801}.Debug|Any CPU.ActiveCfg = Debug|Any CPU
		{A1B2C3D4-E5F6-7890-ABCD-EF1234567801}.Debug|Any CPU.Build.0 = Debug|Any CPU
		{A1B2C3D4-E5F6-7890-ABCD-EF1234567801}.Debug|x64.ActiveCfg = Debug|Any CPU
		{A1B2C3D4-E5F6-7890-ABCD-EF1234567801}.Debug|x64.Build.0 = Debug|Any CPU
		{A1B2C3D4-E5F6-7890-ABCD-EF1234567801}.Debug|x86.ActiveCfg = Debug|Any CPU
		{A1B2C3D4-E5F6-7890-ABCD-EF1234567801}.Debug|x86.Build.0 = Debug|Any CPU
		{A1B2C3D4-E5F6-7890-ABCD-EF1234567801}.Release|Any CPU.ActiveCfg = Release|Any CPU
		{A1B2C3D4-E5F6-7890-ABCD-EF1234567801}.Release|Any CPU.Build.0 = Release|Any CPU
		{A1B2C3D4-E5F6-7890-ABCD-EF1234567801}.Release|x64.ActiveCfg = Release|Any CPU
		{A1B2C3D4-E5F6-7890-ABCD-EF1234567801}.Release|x64.Build.0 = Release|Any CPU
		{A1B2C3D4-E5F6-7890-ABCD-EF1234567801}.Release|x86.ActiveCfg = Release|Any CPU
		{A1B2C3D4-E5F6-7890-ABCD-EF1234567801}.Release|x86.Build.0 = Release|Any CPU
		{A1B2C3D4-E5F6-7890-ABCD-EF1234567802}.Debug|Any CPU.ActiveCfg = Debug|Any CPU
		{A1B2C3D4-E5F6-7890-ABCD-EF1234567802}.Debug|Any CPU.Build.0 = Debug|Any CPU
		{A1B2C3D4-E5F6-7890-ABCD-EF1234567802}.Debug|x64.ActiveCfg = Debug|Any CPU
		{A1B2C3D4-E5F6-7890-ABCD-EF1234567802}.Debug|x64.Build.0 = Debug|Any CPU
		{A1B2C3D4-E5F6-7890-ABCD-EF1234567802}.Debug|x86.ActiveCfg = Debug|Any CPU
		{A1B2C3D4-E5F6-7890-ABCD-EF1234567802}.Debug|x86.Build.0 = Debug|Any CPU
		{A1B2C3D4-E5F6-7890-ABCD-EF1234567802}.Release|Any CPU.ActiveCfg = Release|Any CPU
		{A1B2C3D4-E5F6-7890-ABCD-EF1234567802}.Release|Any CPU.Build.0 = Release|Any CPU
		{A1B2C3D4-E5F6-7890-ABCD-EF1234567802}.Release|x64.ActiveCfg = Release|Any CPU
		{A1B2C3D4-E5F6-7890-ABCD-EF1234567802}.Release|x64.Build.0 = Release|Any CPU
		{A1B2C3D4-E5F6-7890-ABCD-EF1234567802}.Release|x86.ActiveCfg = Release|Any CPU
		{A1B2C3D4-E5F6-7890-ABCD-EF1234567802}.Release|x86.Build.0 = Release|Any CPU
		{A1B2C3D4-E5F6-7890-ABCD-EF1234567803}.Debug|Any CPU.ActiveCfg = Debug|Any CPU
		{A1B2C3D4-E5F6-7890-ABCD-EF1234567803}.Debug|Any CPU.Build.0 = Debug|Any CPU
		{A1B2C3D4-E5F6-7890-ABCD-EF1234567803}.Debug|x64.ActiveCfg = Debug|Any CPU
		{A1B2C3D4-E5F6-7890-ABCD-EF1234567803}.Debug|x64.Build.0 = Debug|Any CPU
		{A1B2C3D4-E5F6-7890-ABCD-EF1234567803}.Debug|x86.ActiveCfg = Debug|Any CPU
		{A1B2C3D4-E5F6-7890-ABCD-EF1234567803}.Debug|x86.Build.0 = Debug|Any CPU
		{A1B2C3D4-E5F6-7890-ABCD-EF1234567803}.Release|Any CPU.ActiveCfg = Release|Any CPU
		{A1B2C3D4-E5F6-7890-ABCD-EF1234567803}.Release|Any CPU.Build.0 = Release|Any CPU
		{A1B2C3D4-E5F6-7890-ABCD-EF1234567803}.Release|x64.ActiveCfg = Release|Any CPU
		{A1B2C3D4-E5F6-7890-ABCD-EF1234567803}.Release|x64.Build.0 = Release|Any CPU
		{A1B2C3D4-E5F6-7890-ABCD-EF1234567803}.Release|x86.ActiveCfg = Release|Any CPU
		{A1B2C3D4-E5F6-7890-ABCD-EF1234567803}.Release|x86.Build.0 = Release|Any CPU
		{A1B2C3D4-E5F6-7890-ABCD-EF1234567804}.Debug|Any CPU.ActiveCfg = Debug|Any CPU
		{A1B2C3D4-E5F6-7890-ABCD-EF1234567804}.Debug|Any CPU.Build.0 = Debug|Any CPU
		{A1B2C3D4-E5F6-7890-ABCD-EF1234567804}.Debug|x64.ActiveCfg = Debug|Any CPU
		{A1B2C3D4-E5F6-7890-ABCD-EF1234567804}.Debug|x64.Build.0 = Debug|Any CPU
		{A1B2C3D4-E5F6-7890-ABCD-EF1234567804}.Debug|x86.ActiveCfg = Debug|Any CPU
		{A1B2C3D4-E5F6-7890-ABCD-EF1234567804}.Debug|x86.Build.0 = Debug|Any CPU
		{A1B2C3D4-E5F6-7890-ABCD-EF1234567804}.Release|Any CPU.ActiveCfg = Release|Any CPU
		{A1B2C3D4-E5F6-7890-ABCD-EF1234567804}.Release|Any CPU.Build.0 = Release|Any CPU
		{A1B2C3D4-E5F6-7890-ABCD-EF1234567804}.Release|x64.ActiveCfg = Release|Any CPU
		{A1B2C3D4-E5F6-7890-ABCD-EF1234567804}.Release|x64.Build.0 = Release|Any CPU
		{A1B2C3D4-E5F6-7890-ABCD-EF1234567804}.Release|x86.ActiveCfg = Release|Any CPU
		{A1B2C3D4-E5F6-7890-ABCD-EF1234567804}.Release|x86.Build.0 = Release|Any CPU
		{A1B2C3D4-E5F6-7890-ABCD-EF1234567805}.Debug|Any CPU.ActiveCfg = Debug|Any CPU
		{A1B2C3D4-E5F6-7890-ABCD-EF1234567805}.Debug|Any CPU.Build.0 = Debug|Any CPU
		{A1B2C3D4-E5F6-7890-ABCD-EF1234567805}.Debug|x64.ActiveCfg = Debug|Any CPU
		{A1B2C3D4-E5F6-7890-ABCD-EF1234567805}.Debug|x64.Build.0 = Debug|Any CPU
		{A1B2C3D4-E5F6-7890-ABCD-EF1234567805}.Debug|x86.ActiveCfg = Debug|Any CPU
		{A1B2C3D4-E5F6-7890-ABCD-EF1234567805}.Debug|x86.Build.0 = Debug|Any CPU
		{A1B2C3D4-E5F6-7890-ABCD-EF1234567805}.Release|Any CPU.ActiveCfg = Release|Any CPU
		{A1B2C3D4-E5F6-7890-ABCD-EF1234567805}.Release|Any CPU.Build.0 = Release|Any CPU
		{A1B2C3D4-E5F6-7890-ABCD-EF1234567805}.Release|x64.ActiveCfg = Release|Any CPU
		{A1B2C3D4-E5F6-7890-ABCD-EF1234567805}.Release|x64.Build.0 = Release|Any CPU
		{A1B2C3D4-E5F6-7890-ABCD-EF1234567805}.Release|x86.ActiveCfg = Release|Any CPU
		{A1B2C3D4-E5F6-7890-ABCD-EF1234567805}.Release|x86.Build.0 = Release|Any CPU
		{A1B2C3D4-E5F6-7890-ABCD-EF1234567806}.Debug|Any CPU.ActiveCfg = Debug|Any CPU
		{A1B2C3D4-E5F6-7890-ABCD-EF1234567806}.Debug|Any CPU.Build.0 = Debug|Any CPU
		{A1B2C3D4-E5F6-7890-ABCD-EF1234567806}.Debug|x64.ActiveCfg = Debug|Any CPU
		{A1B2C3D4-E5F6-7890-ABCD-EF1234567806}.Debug|x64.Build.0 = Debug|Any CPU
		{A1B2C3D4-E5F6-7890-ABCD-EF1234567806}.Debug|x86.ActiveCfg = Debug|Any CPU
		{A1B2C3D4-E5F6-7890-ABCD-EF1234567806}.Debug|x86.Build.0 = Debug|Any CPU
		{A1B2C3D4-E5F6-7890-ABCD-EF1234567806}.Release|Any CPU.ActiveCfg = Release|Any CPU
		{A1B2C3D4-E5F6-7890-ABCD-EF1234567806}.Release|Any CPU.Build.0 = Release|Any CPU
		{A1B2C3D4-E5F6-7890-ABCD-EF1234567806}.Release|x64.ActiveCfg = Release|Any CPU
		{A1B2C3D4-E5F6-7890-ABCD-EF1234567806}.Release|x64.Build.0 = Release|Any CPU
		{A1B2C3D4-E5F6-7890-ABCD-EF1234567806}.Release|x86.ActiveCfg = Release|Any CPU
		{A1B2C3D4-E5F6-7890-ABCD-EF1234567806}.Release|x86.Build.0 = Release|Any CPU
		{A0B6687C-6065-439C-BFDE-35B7FB3B8938}.Debug|Any CPU.ActiveCfg = Debug|Any CPU
		{A0B6687C-6065-439C-BFDE-35B7FB3B8938}.Debug|Any CPU.Build.0 = Debug|Any CPU
		{A0B6687C-6065-439C-BFDE-35B7FB3B8938}.Debug|x64.ActiveCfg = Debug|Any CPU
		{A0B6687C-6065-439C-BFDE-35B7FB3B8938}.Debug|x64.Build.0 = Debug|Any CPU
		{A0B6687C-6065-439C-BFDE-35B7FB3B8938}.Debug|x86.ActiveCfg = Debug|Any CPU
		{A0B6687C-6065-439C-BFDE-35B7FB3B8938}.Debug|x86.Build.0 = Debug|Any CPU
		{A0B6687C-6065-439C-BFDE-35B7FB3B8938}.Release|Any CPU.ActiveCfg = Release|Any CPU
		{A0B6687C-6065-439C-BFDE-35B7FB3B8938}.Release|Any CPU.Build.0 = Release|Any CPU
		{A0B6687C-6065-439C-BFDE-35B7FB3B8938}.Release|x64.ActiveCfg = Release|Any CPU
		{A0B6687C-6065-439C-BFDE-35B7FB3B8938}.Release|x64.Build.0 = Release|Any CPU
		{A0B6687C-6065-439C-BFDE-35B7FB3B8938}.Release|x86.ActiveCfg = Release|Any CPU
		{A0B6687C-6065-439C-BFDE-35B7FB3B8938}.Release|x86.Build.0 = Release|Any CPU
	EndGlobalSection
	GlobalSection(SolutionProperties) = preSolution
		HideSolutionNode = FALSE
	EndGlobalSection
	GlobalSection(ExtensibilityGlobals) = postSolution
		SolutionGuid = {B0B699E6-16DB-42D7-83FB-638821B87C80}
	EndGlobalSection
EndGlobal
